
Microsoft Visual Studio Solution File, Format Version 12.00
# Visual Studio Version 17
VisualStudioVersion = 17.5.002.0
MinimumVisualStudioVersion = 10.0.40219.1
Project("{9A19103F-16F7-4668-BE54-9A1E7A4F7556}") = "Task2", "Task2.csproj", "{37ECE548-B96D-4B55-A5DC-331CBD34BFBD}"
EndProject
Global
	GlobalSection(SolutionConfigurationPlatforms) = preSolution
		Debug|Any CPU = Debug|Any CPU
		Release|Any CPU = Release|Any CPU
	EndGlobalSection
	GlobalSection(ProjectConfigurationPlatforms) = postSolution
		{37ECE548-B96D-4B55-A5DC-331CBD34BFBD}.Debug|Any CPU.ActiveCfg = Debug|Any CPU
		{37ECE548-B96D-4B55-A5DC-331CBD34BFBD}.Debug|Any CPU.Build.0 = Debug|Any CPU
		{37ECE548-B96D-4B55-A5DC-331CBD34BFBD}.Release|Any CPU.ActiveCfg = Release|Any CPU
		{37ECE548-B96D-4B55-A5DC-331CBD34BFBD}.Release|Any CPU.Build.0 = Release|Any CPU
	EndGlobalSection
	GlobalSection(SolutionProperties) = preSolution
		HideSolutionNode = FALSE
	EndGlobalSection
	GlobalSection(ExtensibilityGlobals) = postSolution
		SolutionGuid = {217B9C36-71EB-493E-AA5D-5714A90271D1}
	EndGlobalSection
EndGlobal
